
Microsoft Visual Studio Solution File, Format Version 12.00
# Visual Studio 14
VisualStudioVersion = 14.0.25420.1
MinimumVisualStudioVersion = 10.0.40219.1
Project("{FAE04EC0-301F-11D3-BF4B-00C04F79EFBC}") = "first prog", "first prog\first prog.csproj", "{F21469F8-54F7-41F0-BA78-EEF9A77657FE}"
EndProject
Global
	GlobalSection(SolutionConfigurationPlatforms) = preSolution
		Debug|Any CPU = Debug|Any CPU
		Release|Any CPU = Release|Any CPU
	EndGlobalSection
	GlobalSection(ProjectConfigurationPlatforms) = postSolution
		{F21469F8-54F7-41F0-BA78-EEF9A77657FE}.Debug|Any CPU.ActiveCfg = Debug|Any CPU
		{F21469F8-54F7-41F0-BA78-EEF9A77657FE}.Debug|Any CPU.Build.0 = Debug|Any CPU
		{F21469F8-54F7-41F0-BA78-EEF9A77657FE}.Release|Any CPU.ActiveCfg = Release|Any CPU
		{F21469F8-54F7-41F0-BA78-EEF9A77657FE}.Release|Any CPU.Build.0 = Release|Any CPU
	EndGlobalSection
	GlobalSection(SolutionProperties) = preSolution
		HideSolutionNode = FALSE
	EndGlobalSection
EndGlobal
